
Microsoft Visual Studio Solution File, Format Version 12.00
# Visual Studio Version 17
VisualStudioVersion = 17.0.31903.59
MinimumVisualStudioVersion = 10.0.40219.1
Project("{FAE04EC0-301F-11D3-BF4B-00C04F79EFBC}") = "Core", "Core\Core.csproj", "{C4A560B2-5595-47D3-B0AD-DB04E295D948}"
EndProject
Project("{2150E333-8FDC-42A3-9474-1A3956D46DE8}") = "Infrastructure", "Infrastructure", "{DFEE68D8-A7D0-1A41-506C-9B74AA9A7B7B}"
EndProject
Project("{FAE04EC0-301F-11D3-BF4B-00C04F79EFBC}") = "Api", "Infrastructure\Api\Api.csproj", "{A0FF14F6-3AB9-4135-8AE3-12C0B57A88EA}"
EndProject
Project("{FAE04EC0-301F-11D3-BF4B-00C04F79EFBC}") = "Database", "Infrastructure\Database\Database.csproj", "{0D7EC309-F6A2-4852-B85F-3CBE0BE9C644}"
EndProject
Project("{FAE04EC0-301F-11D3-BF4B-00C04F79EFBC}") = "Repository", "Infrastructure\Repository\Repository.csproj", "{A24012C1-AACD-427F-8F1F-FEF144427DEC}"
EndProject
Global
	GlobalSection(SolutionConfigurationPlatforms) = preSolution
		Debug|Any CPU = Debug|Any CPU
		Debug|x64 = Debug|x64
		Debug|x86 = Debug|x86
		Release|Any CPU = Release|Any CPU
		Release|x64 = Release|x64
		Release|x86 = Release|x86
	EndGlobalSection
	GlobalSection(ProjectConfigurationPlatforms) = postSolution
		{C4A560B2-5595-47D3-B0AD-DB04E295D948}.Debug|Any CPU.ActiveCfg = Debug|Any CPU
		{C4A560B2-5595-47D3-B0AD-DB04E295D948}.Debug|Any CPU.Build.0 = Debug|Any CPU
		{C4A560B2-5595-47D3-B0AD-DB04E295D948}.Debug|x64.ActiveCfg = Debug|Any CPU
		{C4A560B2-5595-47D3-B0AD-DB04E295D948}.Debug|x64.Build.0 = Debug|Any CPU
		{C4A560B2-5595-47D3-B0AD-DB04E295D948}.Debug|x86.ActiveCfg = Debug|Any CPU
		{C4A560B2-5595-47D3-B0AD-DB04E295D948}.Debug|x86.Build.0 = Debug|Any CPU
		{C4A560B2-5595-47D3-B0AD-DB04E295D948}.Release|Any CPU.ActiveCfg = Release|Any CPU
		{C4A560B2-5595-47D3-B0AD-DB04E295D948}.Release|Any CPU.Build.0 = Release|Any CPU
		{C4A560B2-5595-47D3-B0AD-DB04E295D948}.Release|x64.ActiveCfg = Release|Any CPU
		{C4A560B2-5595-47D3-B0AD-DB04E295D948}.Release|x64.Build.0 = Release|Any CPU
		{C4A560B2-5595-47D3-B0AD-DB04E295D948}.Release|x86.ActiveCfg = Release|Any CPU
		{C4A560B2-5595-47D3-B0AD-DB04E295D948}.Release|x86.Build.0 = Release|Any CPU
		{A0FF14F6-3AB9-4135-8AE3-12C0B57A88EA}.Debug|Any CPU.ActiveCfg = Debug|Any CPU
		{A0FF14F6-3AB9-4135-8AE3-12C0B57A88EA}.Debug|Any CPU.Build.0 = Debug|Any CPU
		{A0FF14F6-3AB9-4135-8AE3-12C0B57A88EA}.Debug|x64.ActiveCfg = Debug|Any CPU
		{A0FF14F6-3AB9-4135-8AE3-12C0B57A88EA}.Debug|x64.Build.0 = Debug|Any CPU
		{A0FF14F6-3AB9-4135-8AE3-12C0B57A88EA}.Debug|x86.ActiveCfg = Debug|Any CPU
		{A0FF14F6-3AB9-4135-8AE3-12C0B57A88EA}.Debug|x86.Build.0 = Debug|Any CPU
		{A0FF14F6-3AB9-4135-8AE3-12C0B57A88EA}.Release|Any CPU.ActiveCfg = Release|Any CPU
		{A0FF14F6-3AB9-4135-8AE3-12C0B57A88EA}.Release|Any CPU.Build.0 = Release|Any CPU
		{A0FF14F6-3AB9-4135-8AE3-12C0B57A88EA}.Release|x64.ActiveCfg = Release|Any CPU
		{A0FF14F6-3AB9-4135-8AE3-12C0B57A88EA}.Release|x64.Build.0 = Release|Any CPU
		{A0FF14F6-3AB9-4135-8AE3-12C0B57A88EA}.Release|x86.ActiveCfg = Release|Any CPU
		{A0FF14F6-3AB9-4135-8AE3-12C0B57A88EA}.Release|x86.Build.0 = Release|Any CPU
		{0D7EC309-F6A2-4852-B85F-3CBE0BE9C644}.Debug|Any CPU.ActiveCfg = Debug|Any CPU
		{0D7EC309-F6A2-4852-B85F-3CBE0BE9C644}.Debug|Any CPU.Build.0 = Debug|Any CPU
		{0D7EC309-F6A2-4852-B85F-3CBE0BE9C644}.Debug|x64.ActiveCfg = Debug|Any CPU
		{0D7EC309-F6A2-4852-B85F-3CBE0BE9C644}.Debug|x64.Build.0 = Debug|Any CPU
		{0D7EC309-F6A2-4852-B85F-3CBE0BE9C644}.Debug|x86.ActiveCfg = Debug|Any CPU
		{0D7EC309-F6A2-4852-B85F-3CBE0BE9C644}.Debug|x86.Build.0 = Debug|Any CPU
		{0D7EC309-F6A2-4852-B85F-3CBE0BE9C644}.Release|Any CPU.ActiveCfg = Release|Any CPU
		{0D7EC309-F6A2-4852-B85F-3CBE0BE9C644}.Release|Any CPU.Build.0 = Release|Any CPU
		{0D7EC309-F6A2-4852-B85F-3CBE0BE9C644}.Release|x64.ActiveCfg = Release|Any CPU
		{0D7EC309-F6A2-4852-B85F-3CBE0BE9C644}.Release|x64.Build.0 = Release|Any CPU
		{0D7EC309-F6A2-4852-B85F-3CBE0BE9C644}.Release|x86.ActiveCfg = Release|Any CPU
		{0D7EC309-F6A2-4852-B85F-3CBE0BE9C644}.Release|x86.Build.0 = Release|Any CPU
		{A24012C1-AACD-427F-8F1F-FEF144427DEC}.Debug|Any CPU.ActiveCfg = Debug|Any CPU
		{A24012C1-AACD-427F-8F1F-FEF144427DEC}.Debug|Any CPU.Build.0 = Debug|Any CPU
		{A24012C1-AACD-427F-8F1F-FEF144427DEC}.Debug|x64.ActiveCfg = Debug|Any CPU
		{A24012C1-AACD-427F-8F1F-FEF144427DEC}.Debug|x64.Build.0 = Debug|Any CPU
		{A24012C1-AACD-427F-8F1F-FEF144427DEC}.Debug|x86.ActiveCfg = Debug|Any CPU
		{A24012C1-AACD-427F-8F1F-FEF144427DEC}.Debug|x86.Build.0 = Debug|Any CPU
		{A24012C1-AACD-427F-8F1F-FEF144427DEC}.Release|Any CPU.ActiveCfg = Release|Any CPU
		{A24012C1-AACD-427F-8F1F-FEF144427DEC}.Release|Any CPU.Build.0 = Release|Any CPU
		{A24012C1-AACD-427F-8F1F-FEF144427DEC}.Release|x64.ActiveCfg = Release|Any CPU
		{A24012C1-AACD-427F-8F1F-FEF144427DEC}.Release|x64.Build.0 = Release|Any CPU
		{A24012C1-AACD-427F-8F1F-FEF144427DEC}.Release|x86.ActiveCfg = Release|Any CPU
		{A24012C1-AACD-427F-8F1F-FEF144427DEC}.Release|x86.Build.0 = Release|Any CPU
	EndGlobalSection
	GlobalSection(SolutionProperties) = preSolution
		HideSolutionNode = FALSE
	EndGlobalSection
	GlobalSection(NestedProjects) = preSolution
		{A0FF14F6-3AB9-4135-8AE3-12C0B57A88EA} = {DFEE68D8-A7D0-1A41-506C-9B74AA9A7B7B}
		{0D7EC309-F6A2-4852-B85F-3CBE0BE9C644} = {DFEE68D8-A7D0-1A41-506C-9B74AA9A7B7B}
		{A24012C1-AACD-427F-8F1F-FEF144427DEC} = {DFEE68D8-A7D0-1A41-506C-9B74AA9A7B7B}
	EndGlobalSection
EndGlobal
